schema: '2.0'
stages:
  s1_load_data:
    cmd: python src/get_data.py --config=params.yaml
    deps:
    - path: data/raw/winequality_raw.csv
      md5: ccc8d3507eb151f53f760d36abdef888
      size: 91998
    - path: src/get_data.py
      md5: 6205c6aaf4713198c2c495016bf36948
      size: 1049
    outs:
    - path: data/raw/winequality.csv
      md5: d98e8f2eca228c11c4de1cc96866a54d
      size: 93598
  s2_split_data:
    cmd: python src/split_data.py --config=params.yaml
    deps:
    - path: data/raw/winequality.csv
      md5: d98e8f2eca228c11c4de1cc96866a54d
      size: 93598
    - path: src/get_data.py
      md5: 6205c6aaf4713198c2c495016bf36948
      size: 1049
    - path: src/split_data.py
      md5: a97d168a0e391e74531a70dc3094ba32
      size: 1167
    outs:
    - path: data/processed/test_winequality.csv
      md5: 01718da3bd6e206060ed00667ca1a389
      size: 18831
    - path: data/processed/train_winequality.csv
      md5: 4bccf4d668cdc60115de42ba74d416ab
      size: 74913
  s3_train_and_evaluate:
    cmd: python src/train_and_evaluate.py --config=params.yaml
    deps:
    - path: data/processed/test_winequality.csv
      md5: 01718da3bd6e206060ed00667ca1a389
      size: 18831
    - path: data/processed/train_winequality.csv
      md5: 4bccf4d668cdc60115de42ba74d416ab
      size: 74913
    - path: src/get_data.py
      md5: 6205c6aaf4713198c2c495016bf36948
      size: 1049
    - path: src/train_and_evaluate.py
      md5: dfc937a89a959fa4a96cc2f2eb14ca18
      size: 2664
    params:
      params.yaml:
        estimators.ElasticNet.params.alpha: 0.9
        estimators.ElasticNet.params.l1_ratio: 0.4
    outs:
    - path: report/params.json
      md5: a4aab0167612f21a6085dd05cfafdbf6
      size: 44
    - path: report/scores.json
      md5: 1c9a9df1c352280cc91743931c1b864f
      size: 101
    - path: saved_models/model.joblib
      md5: 0f1718f3cbe3cff4b675d346e195fdd1
      size: 1227
